
Microsoft Visual Studio Solution File, Format Version 12.00
# Visual Studio Version 17
VisualStudioVersion = 17.0.31903.59
MinimumVisualStudioVersion = 10.0.40219.1
Project("{FAE04EC0-301F-11D3-BF4B-00C04F79EFBC}") = "GenericsDemo", "GenericsDemo\GenericsDemo.csproj", "{9DE50939-E058-463D-AFE1-54878B6B9B00}"
EndProject
Project("{FAE04EC0-301F-11D3-BF4B-00C04F79EFBC}") = "CollectionsDemo", "CollectionsDemo\CollectionsDemo.csproj", "{9D986303-B33B-41B6-9D03-70897EEC8FA7}"
EndProject
Project("{FAE04EC0-301F-11D3-BF4B-00C04F79EFBC}") = "LinqDemo", "LinqDemo\LinqDemo.csproj", "{F9366392-CAB6-4DB5-9A85-2F9D84D9BF40}"
EndProject
Global
	GlobalSection(SolutionConfigurationPlatforms) = preSolution
		Debug|Any CPU = Debug|Any CPU
		Release|Any CPU = Release|Any CPU
	EndGlobalSection
	GlobalSection(SolutionProperties) = preSolution
		HideSolutionNode = FALSE
	EndGlobalSection
	GlobalSection(ProjectConfigurationPlatforms) = postSolution
		{9DE50939-E058-463D-AFE1-54878B6B9B00}.Debug|Any CPU.ActiveCfg = Debug|Any CPU
		{9DE50939-E058-463D-AFE1-54878B6B9B00}.Debug|Any CPU.Build.0 = Debug|Any CPU
		{9DE50939-E058-463D-AFE1-54878B6B9B00}.Release|Any CPU.ActiveCfg = Release|Any CPU
		{9DE50939-E058-463D-AFE1-54878B6B9B00}.Release|Any CPU.Build.0 = Release|Any CPU
		{9D986303-B33B-41B6-9D03-70897EEC8FA7}.Debug|Any CPU.ActiveCfg = Debug|Any CPU
		{9D986303-B33B-41B6-9D03-70897EEC8FA7}.Debug|Any CPU.Build.0 = Debug|Any CPU
		{9D986303-B33B-41B6-9D03-70897EEC8FA7}.Release|Any CPU.ActiveCfg = Release|Any CPU
		{9D986303-B33B-41B6-9D03-70897EEC8FA7}.Release|Any CPU.Build.0 = Release|Any CPU
		{F9366392-CAB6-4DB5-9A85-2F9D84D9BF40}.Debug|Any CPU.ActiveCfg = Debug|Any CPU
		{F9366392-CAB6-4DB5-9A85-2F9D84D9BF40}.Debug|Any CPU.Build.0 = Debug|Any CPU
		{F9366392-CAB6-4DB5-9A85-2F9D84D9BF40}.Release|Any CPU.ActiveCfg = Release|Any CPU
		{F9366392-CAB6-4DB5-9A85-2F9D84D9BF40}.Release|Any CPU.Build.0 = Release|Any CPU
	EndGlobalSection
EndGlobal
